
Microsoft Visual Studio Solution File, Format Version 12.00
# Visual Studio Version 16
VisualStudioVersion = 16.0.30413.136
MinimumVisualStudioVersion = 10.0.40219.1
Project("{FAE04EC0-301F-11D3-BF4B-00C04F79EFBC}") = "SiteResume", "SiteResume\SiteResume.csproj", "{0FC2A0FE-BDC0-4BCE-AC85-2D377341E36B}"
EndProject
Global
	GlobalSection(SolutionConfigurationPlatforms) = preSolution
		Debug|Any CPU = Debug|Any CPU
		Release|Any CPU = Release|Any CPU
	EndGlobalSection
	GlobalSection(ProjectConfigurationPlatforms) = postSolution
		{0FC2A0FE-BDC0-4BCE-AC85-2D377341E36B}.Debug|Any CPU.ActiveCfg = Debug|Any CPU
		{0FC2A0FE-BDC0-4BCE-AC85-2D377341E36B}.Debug|Any CPU.Build.0 = Debug|Any CPU
		{0FC2A0FE-BDC0-4BCE-AC85-2D377341E36B}.Release|Any CPU.ActiveCfg = Release|Any CPU
		{0FC2A0FE-BDC0-4BCE-AC85-2D377341E36B}.Release|Any CPU.Build.0 = Release|Any CPU
	EndGlobalSection
	GlobalSection(SolutionProperties) = preSolution
		HideSolutionNode = FALSE
	EndGlobalSection
	GlobalSection(ExtensibilityGlobals) = postSolution
		SolutionGuid = {2983B2D1-8173-4AFF-BBD7-EDCE150F9F42}
	EndGlobalSection
EndGlobal
